{
  "name": "Parcial 2",
  "lockfileVersion": 3,
  "requires": true,
  "packages": {
    "": {
      "dependencies": {
        "hellojs": "^1.20.0"
      }
    },
    "node_modules/hellojs": {
      "version": "1.20.0",
      "resolved": "https://registry.npmjs.org/hellojs/-/hellojs-1.20.0.tgz",
      "integrity": "sha512-zfZGRt0J0OpJHnw2GJz4uh+rzMNAMWpIymiaRbSmCqCvqDMLSx2/qR5JucqnHPsZHUEjyKj5aLJ8K54kyHHjLQ==",
      "license": "MIT"
    }
  }
}
